
Microsoft Visual Studio Solution File, Format Version 12.00
# Visual Studio Version 17
VisualStudioVersion = 17.3.32825.248
MinimumVisualStudioVersion = 10.0.40219.1
Project("{9A19103F-16F7-4668-BE54-9A1E7A4F7556}") = "SimplificaITR.BackEnd", "SimplificaITR.BackEnd\SimplificaITR.BackEnd.csproj", "{DCA319CE-24C3-474D-86C0-56AAC21735BF}"
EndProject
Project("{FAE04EC0-301F-11D3-BF4B-00C04F79EFBC}") = "SimplificaITR.BackEnd.Tests", "SimplificaITR.BackEnd.Tests\SimplificaITR.BackEnd.Tests.csproj", "{F4934281-402B-4E1A-A4C4-60CCAA405655}"
EndProject
Global
	GlobalSection(SolutionConfigurationPlatforms) = preSolution
		Debug|Any CPU = Debug|Any CPU
		Release|Any CPU = Release|Any CPU
	EndGlobalSection
	GlobalSection(ProjectConfigurationPlatforms) = postSolution
		{DCA319CE-24C3-474D-86C0-56AAC21735BF}.Debug|Any CPU.ActiveCfg = Debug|Any CPU
		{DCA319CE-24C3-474D-86C0-56AAC21735BF}.Debug|Any CPU.Build.0 = Debug|Any CPU
		{DCA319CE-24C3-474D-86C0-56AAC21735BF}.Release|Any CPU.ActiveCfg = Release|Any CPU
		{DCA319CE-24C3-474D-86C0-56AAC21735BF}.Release|Any CPU.Build.0 = Release|Any CPU
		{F4934281-402B-4E1A-A4C4-60CCAA405655}.Debug|Any CPU.ActiveCfg = Debug|Any CPU
		{F4934281-402B-4E1A-A4C4-60CCAA405655}.Debug|Any CPU.Build.0 = Debug|Any CPU
		{F4934281-402B-4E1A-A4C4-60CCAA405655}.Release|Any CPU.ActiveCfg = Release|Any CPU
		{F4934281-402B-4E1A-A4C4-60CCAA405655}.Release|Any CPU.Build.0 = Release|Any CPU
	EndGlobalSection
	GlobalSection(SolutionProperties) = preSolution
		HideSolutionNode = FALSE
	EndGlobalSection
	GlobalSection(ExtensibilityGlobals) = postSolution
		SolutionGuid = {E5889AFF-5BFD-467E-B49D-9943EF52CE81}
	EndGlobalSection
EndGlobal
